
Microsoft Visual Studio Solution File, Format Version 12.00
# Visual Studio Version 17
VisualStudioVersion = 17.7.34221.43
MinimumVisualStudioVersion = 10.0.40219.1
Project("{FAE04EC0-301F-11D3-BF4B-00C04F79EFBC}") = "InterviewCoach.API", "src\InterviewCoach.API\InterviewCoach.API.csproj", "{6B37D098-018A-460C-93D1-6E152473285D}"
EndProject
Project("{FAE04EC0-301F-11D3-BF4B-00C04F79EFBC}") = "InterviewCoach.Domain", "src\InterviewCoach.Domain\InterviewCoach.Domain.csproj", "{5953A1DE-F9CB-4E40-9AA1-362724DB5C05}"
EndProject
Project("{FAE04EC0-301F-11D3-BF4B-00C04F79EFBC}") = "InterviewCoach.Application", "src\InterviewCoach.Application\InterviewCoach.Application.csproj", "{CE613D14-1972-4AD4-9ACB-C49C1368B6F4}"
EndProject
Project("{FAE04EC0-301F-11D3-BF4B-00C04F79EFBC}") = "InterviewCoach.Infrastructure.Persistence", "src\InterviewCoach.Infrastructure.Persistence\InterviewCoach.Infrastructure.Persistence.csproj", "{7A9B90EE-6E29-470F-ACE6-AF542FD80A73}"
EndProject
Project("{2150E333-8FDC-42A3-9474-1A3956D46DE8}") = "src", "src", "{02EA681E-C7D8-13C7-8484-4AC65E1B71E8}"
EndProject
Project("{2150E333-8FDC-42A3-9474-1A3956D46DE8}") = "Solution Items", "Solution Items", "{20613FA7-658A-4263-A8AA-0CBE3429052A}"
	ProjectSection(SolutionItems) = preProject
		..\..\..\Users\deepak.sharma16\Downloads\clean-architecture\.editorconfig = ..\..\..\Users\deepak.sharma16\Downloads\clean-architecture\.editorconfig
		Directory.Build.props = Directory.Build.props
		Directory.Packages.props = Directory.Packages.props
	EndProjectSection
EndProject
Project("{2150E333-8FDC-42A3-9474-1A3956D46DE8}") = "tests", "tests", "{6CB2DA79-BDCE-49F7-97C8-785EEB4D385D}"
EndProject
Global
	GlobalSection(SolutionConfigurationPlatforms) = preSolution
		Debug|Any CPU = Debug|Any CPU
		Release|Any CPU = Release|Any CPU
	EndGlobalSection
	GlobalSection(ProjectConfigurationPlatforms) = postSolution
		{6B37D098-018A-460C-93D1-6E152473285D}.Debug|Any CPU.ActiveCfg = Debug|Any CPU
		{6B37D098-018A-460C-93D1-6E152473285D}.Debug|Any CPU.Build.0 = Debug|Any CPU
		{6B37D098-018A-460C-93D1-6E152473285D}.Release|Any CPU.ActiveCfg = Release|Any CPU
		{6B37D098-018A-460C-93D1-6E152473285D}.Release|Any CPU.Build.0 = Release|Any CPU
		{5953A1DE-F9CB-4E40-9AA1-362724DB5C05}.Debug|Any CPU.ActiveCfg = Debug|Any CPU
		{5953A1DE-F9CB-4E40-9AA1-362724DB5C05}.Debug|Any CPU.Build.0 = Debug|Any CPU
		{5953A1DE-F9CB-4E40-9AA1-362724DB5C05}.Release|Any CPU.ActiveCfg = Release|Any CPU
		{5953A1DE-F9CB-4E40-9AA1-362724DB5C05}.Release|Any CPU.Build.0 = Release|Any CPU
		{CE613D14-1972-4AD4-9ACB-C49C1368B6F4}.Debug|Any CPU.ActiveCfg = Debug|Any CPU
		{CE613D14-1972-4AD4-9ACB-C49C1368B6F4}.Debug|Any CPU.Build.0 = Debug|Any CPU
		{CE613D14-1972-4AD4-9ACB-C49C1368B6F4}.Release|Any CPU.ActiveCfg = Release|Any CPU
		{CE613D14-1972-4AD4-9ACB-C49C1368B6F4}.Release|Any CPU.Build.0 = Release|Any CPU
		{7A9B90EE-6E29-470F-ACE6-AF542FD80A73}.Debug|Any CPU.ActiveCfg = Debug|Any CPU
		{7A9B90EE-6E29-470F-ACE6-AF542FD80A73}.Debug|Any CPU.Build.0 = Debug|Any CPU
		{7A9B90EE-6E29-470F-ACE6-AF542FD80A73}.Release|Any CPU.ActiveCfg = Release|Any CPU
		{7A9B90EE-6E29-470F-ACE6-AF542FD80A73}.Release|Any CPU.Build.0 = Release|Any CPU
	EndGlobalSection
	GlobalSection(SolutionProperties) = preSolution
		HideSolutionNode = FALSE
	EndGlobalSection
	GlobalSection(NestedProjects) = preSolution
		{6B37D098-018A-460C-93D1-6E152473285D} = {02EA681E-C7D8-13C7-8484-4AC65E1B71E8}
		{5953A1DE-F9CB-4E40-9AA1-362724DB5C05} = {02EA681E-C7D8-13C7-8484-4AC65E1B71E8}
		{CE613D14-1972-4AD4-9ACB-C49C1368B6F4} = {02EA681E-C7D8-13C7-8484-4AC65E1B71E8}
		{7A9B90EE-6E29-470F-ACE6-AF542FD80A73} = {02EA681E-C7D8-13C7-8484-4AC65E1B71E8}
	EndGlobalSection
	GlobalSection(ExtensibilityGlobals) = postSolution
		SolutionGuid = {F566B5DE-2713-4DFB-B536-C4F04AA1BCD2}
	EndGlobalSection
EndGlobal
